
Microsoft Visual Studio Solution File, Format Version 12.00
# Visual Studio Version 16
VisualStudioVersion = 16.0.31205.134
MinimumVisualStudioVersion = 10.0.40219.1
Project("{FAE04EC0-301F-11D3-BF4B-00C04F79EFBC}") = "CoffeeMakerLive", "CoffeeMakerLive\CoffeeMakerLive.csproj", "{15261521-3CB2-4C4D-BB17-DFFCFC445E54}"
EndProject
Project("{FAE04EC0-301F-11D3-BF4B-00C04F79EFBC}") = "UnitTest1", "UnitTest1\UnitTest1.csproj", "{56AA713A-333E-4CD4-9EAC-AC1FE7CD396A}"
EndProject
Global
	GlobalSection(SolutionConfigurationPlatforms) = preSolution
		Debug|Any CPU = Debug|Any CPU
		Release|Any CPU = Release|Any CPU
	EndGlobalSection
	GlobalSection(ProjectConfigurationPlatforms) = postSolution
		{15261521-3CB2-4C4D-BB17-DFFCFC445E54}.Debug|Any CPU.ActiveCfg = Debug|Any CPU
		{15261521-3CB2-4C4D-BB17-DFFCFC445E54}.Debug|Any CPU.Build.0 = Debug|Any CPU
		{15261521-3CB2-4C4D-BB17-DFFCFC445E54}.Release|Any CPU.ActiveCfg = Release|Any CPU
		{15261521-3CB2-4C4D-BB17-DFFCFC445E54}.Release|Any CPU.Build.0 = Release|Any CPU
		{56AA713A-333E-4CD4-9EAC-AC1FE7CD396A}.Debug|Any CPU.ActiveCfg = Debug|Any CPU
		{56AA713A-333E-4CD4-9EAC-AC1FE7CD396A}.Debug|Any CPU.Build.0 = Debug|Any CPU
		{56AA713A-333E-4CD4-9EAC-AC1FE7CD396A}.Release|Any CPU.ActiveCfg = Release|Any CPU
		{56AA713A-333E-4CD4-9EAC-AC1FE7CD396A}.Release|Any CPU.Build.0 = Release|Any CPU
	EndGlobalSection
	GlobalSection(SolutionProperties) = preSolution
		HideSolutionNode = FALSE
	EndGlobalSection
	GlobalSection(ExtensibilityGlobals) = postSolution
		SolutionGuid = {F11F22D7-B750-4B1C-A72F-0195AB9B241E}
	EndGlobalSection
EndGlobal
